
Microsoft Visual Studio Solution File, Format Version 12.00
# Visual Studio 15
VisualStudioVersion = 15.0.28307.271
MinimumVisualStudioVersion = 10.0.40219.1
Project("{9A19103F-16F7-4668-BE54-9A1E7A4F7556}") = "EvolAI", "GodAI\GodAI\EvolAI.csproj", "{45BFA926-3AB4-4727-BFE9-6F131ADDE76B}"
EndProject
Project("{9A19103F-16F7-4668-BE54-9A1E7A4F7556}") = "EvolAITESTS", "GodAI\GODAITEST\EvolAITESTS.csproj", "{7AEFD61B-5DD0-419A-9724-C0B621F1E53A}"
EndProject
Project("{9A19103F-16F7-4668-BE54-9A1E7A4F7556}") = "EvolAIAPI", "GodAI\GodAIAPI\EvolAIAPI.csproj", "{FBC170E0-C86F-4E04-A110-40D6278D4636}"
EndProject
Global
	GlobalSection(SolutionConfigurationPlatforms) = preSolution
		Debug|Any CPU = Debug|Any CPU
		Release|Any CPU = Release|Any CPU
	EndGlobalSection
	GlobalSection(ProjectConfigurationPlatforms) = postSolution
		{45BFA926-3AB4-4727-BFE9-6F131ADDE76B}.Debug|Any CPU.ActiveCfg = Debug|Any CPU
		{45BFA926-3AB4-4727-BFE9-6F131ADDE76B}.Debug|Any CPU.Build.0 = Debug|Any CPU
		{45BFA926-3AB4-4727-BFE9-6F131ADDE76B}.Release|Any CPU.ActiveCfg = Release|Any CPU
		{45BFA926-3AB4-4727-BFE9-6F131ADDE76B}.Release|Any CPU.Build.0 = Release|Any CPU
		{7AEFD61B-5DD0-419A-9724-C0B621F1E53A}.Debug|Any CPU.ActiveCfg = Debug|Any CPU
		{7AEFD61B-5DD0-419A-9724-C0B621F1E53A}.Debug|Any CPU.Build.0 = Debug|Any CPU
		{7AEFD61B-5DD0-419A-9724-C0B621F1E53A}.Release|Any CPU.ActiveCfg = Release|Any CPU
		{7AEFD61B-5DD0-419A-9724-C0B621F1E53A}.Release|Any CPU.Build.0 = Release|Any CPU
		{FBC170E0-C86F-4E04-A110-40D6278D4636}.Debug|Any CPU.ActiveCfg = Debug|Any CPU
		{FBC170E0-C86F-4E04-A110-40D6278D4636}.Debug|Any CPU.Build.0 = Debug|Any CPU
		{FBC170E0-C86F-4E04-A110-40D6278D4636}.Release|Any CPU.ActiveCfg = Release|Any CPU
		{FBC170E0-C86F-4E04-A110-40D6278D4636}.Release|Any CPU.Build.0 = Release|Any CPU
	EndGlobalSection
	GlobalSection(SolutionProperties) = preSolution
		HideSolutionNode = FALSE
	EndGlobalSection
	GlobalSection(ExtensibilityGlobals) = postSolution
		SolutionGuid = {0F3407B4-35E1-470A-B67A-F2D1BCC6B88F}
	EndGlobalSection
EndGlobal
